
Microsoft Visual Studio Solution File, Format Version 12.00
# Visual Studio Version 16
VisualStudioVersion = 16.0.31605.320
MinimumVisualStudioVersion = 10.0.40219.1
Project("{8BC9CEB8-8B4A-11D0-8D11-00A0C91BC942}") = "DataStructure", "DataStructure\DataStructure.vcxproj", "{42990578-1656-4C8B-A5CA-CC4FA5CBD73F}"
EndProject
Global
	GlobalSection(SolutionConfigurationPlatforms) = preSolution
		Debug|x64 = Debug|x64
		Debug|x86 = Debug|x86
		Release|x64 = Release|x64
		Release|x86 = Release|x86
	EndGlobalSection
	GlobalSection(ProjectConfigurationPlatforms) = postSolution
		{42990578-1656-4C8B-A5CA-CC4FA5CBD73F}.Debug|x64.ActiveCfg = Debug|x64
		{42990578-1656-4C8B-A5CA-CC4FA5CBD73F}.Debug|x64.Build.0 = Debug|x64
		{42990578-1656-4C8B-A5CA-CC4FA5CBD73F}.Debug|x86.ActiveCfg = Debug|Win32
		{42990578-1656-4C8B-A5CA-CC4FA5CBD73F}.Debug|x86.Build.0 = Debug|Win32
		{42990578-1656-4C8B-A5CA-CC4FA5CBD73F}.Release|x64.ActiveCfg = Release|x64
		{42990578-1656-4C8B-A5CA-CC4FA5CBD73F}.Release|x64.Build.0 = Release|x64
		{42990578-1656-4C8B-A5CA-CC4FA5CBD73F}.Release|x86.ActiveCfg = Release|Win32
		{42990578-1656-4C8B-A5CA-CC4FA5CBD73F}.Release|x86.Build.0 = Release|Win32
	EndGlobalSection
	GlobalSection(SolutionProperties) = preSolution
		HideSolutionNode = FALSE
	EndGlobalSection
	GlobalSection(ExtensibilityGlobals) = postSolution
		SolutionGuid = {B9F256B1-DCCC-4D10-97AE-76D687B5C052}
	EndGlobalSection
EndGlobal
